
Microsoft Visual Studio Solution File, Format Version 12.00
# Visual Studio 2012
Project("{FAE04EC0-301F-11D3-BF4B-00C04F79EFBC}") = "InterfaceTest.UI", "InterfaceTest.UI\InterfaceTest.UI.csproj", "{FD509902-2C80-4671-85B6-AA2728E79778}"
EndProject
Project("{FAE04EC0-301F-11D3-BF4B-00C04F79EFBC}") = "InterfaceTest.Common", "InterfaceTest.Common\InterfaceTest.Common.csproj", "{021B680A-9809-405B-9699-7BE72E3FC463}"
EndProject
Global
	GlobalSection(SolutionConfigurationPlatforms) = preSolution
		Debug|Any CPU = Debug|Any CPU
		Release|Any CPU = Release|Any CPU
	EndGlobalSection
	GlobalSection(ProjectConfigurationPlatforms) = postSolution
		{FD509902-2C80-4671-85B6-AA2728E79778}.Debug|Any CPU.ActiveCfg = Debug|Any CPU
		{FD509902-2C80-4671-85B6-AA2728E79778}.Debug|Any CPU.Build.0 = Debug|Any CPU
		{FD509902-2C80-4671-85B6-AA2728E79778}.Release|Any CPU.ActiveCfg = Release|Any CPU
		{FD509902-2C80-4671-85B6-AA2728E79778}.Release|Any CPU.Build.0 = Release|Any CPU
		{021B680A-9809-405B-9699-7BE72E3FC463}.Debug|Any CPU.ActiveCfg = Debug|Any CPU
		{021B680A-9809-405B-9699-7BE72E3FC463}.Debug|Any CPU.Build.0 = Debug|Any CPU
		{021B680A-9809-405B-9699-7BE72E3FC463}.Release|Any CPU.ActiveCfg = Release|Any CPU
		{021B680A-9809-405B-9699-7BE72E3FC463}.Release|Any CPU.Build.0 = Release|Any CPU
	EndGlobalSection
	GlobalSection(SolutionProperties) = preSolution
		HideSolutionNode = FALSE
	EndGlobalSection
EndGlobal
